// !$*UTF8*$!
{
	archiveVersion = 1;
	classes = {
	};
	objectVersion = 55;
	objects = {

/* Begin PBXBuildFile section */
		29200CD12835709A003853FA /* AppDelegate.swift in Sources */ = {isa = PBXBuildFile; fileRef = 29200CD02835709A003853FA /* AppDelegate.swift */; };
		29200CD32835709A003853FA /* SceneDelegate.swift in Sources */ = {isa = PBXBuildFile; fileRef = 29200CD22835709A003853FA /* SceneDelegate.swift */; };
		29200CD52835709A003853FA /* ViewController.swift in Sources */ = {isa = PBXBuildFile; fileRef = 29200CD42835709A003853FA /* ViewController.swift */; };
		29200CD82835709A003853FA /* Main.storyboard in Resources */ = {isa = PBXBuildFile; fileRef = 29200CD62835709A003853FA /* Main.storyboard */; };
		29200CDA2835709E003853FA /* Assets.xcassets in Resources */ = {isa = PBXBuildFile; fileRef = 29200CD92835709E003853FA /* Assets.xcassets */; };
		29200CDD2835709E003853FA /* LaunchScreen.storyboard in Resources */ = {isa = PBXBuildFile; fileRef = 29200CDB2835709E003853FA /* LaunchScreen.storyboard */; };
		29200CE82835709F003853FA /* checkers_gameTests.swift in Sources */ = {isa = PBXBuildFile; fileRef = 29200CE72835709F003853FA /* checkers_gameTests.swift */; };
		29200CF22835709F003853FA /* checkers_gameUITests.swift in Sources */ = {isa = PBXBuildFile; fileRef = 29200CF12835709F003853FA /* checkers_gameUITests.swift */; };
		29200CF42835709F003853FA /* checkers_gameUITestsLaunchTests.swift in Sources */ = {isa = PBXBuildFile; fileRef = 29200CF32835709F003853FA /* checkers_gameUITestsLaunchTests.swift */; };
		29A8904F283E77F90067CED9 /* BoardViewController.swift in Sources */ = {isa = PBXBuildFile; fileRef = 29A8904E283E77F80067CED9 /* BoardViewController.swift */; };
/* End PBXBuildFile section */

/* Begin PBXContainerItemProxy section */
		29200CE42835709F003853FA /* PBXContainerItemProxy */ = {
			isa = PBXContainerItemProxy;
			containerPortal = 29200CC528357099003853FA /* Project object */;
			proxyType = 1;
			remoteGlobalIDString = 29200CCC2835709A003853FA;
			remoteInfo = "checkers game";
		};
		29200CEE2835709F003853FA /* PBXContainerItemProxy */ = {
			isa = PBXContainerItemProxy;
			containerPortal = 29200CC528357099003853FA /* Project object */;
			proxyType = 1;
			remoteGlobalIDString = 29200CCC2835709A003853FA;
			remoteInfo = "checkers game";
		};
/* End PBXContainerItemProxy section */

/* Begin PBXFileReference section */
		29200CCD2835709A003853FA /* checkers game.app */ = {isa = PBXFileReference; explicitFileType = wrapper.application; includeInIndex = 0; path = "checkers game.app"; sourceTree = BUILT_PRODUCTS_DIR; };
		29200CD02835709A003853FA /* AppDelegate.swift */ = {isa = PBXFileReference; lastKnownFileType = sourcecode.swift; path = AppDelegate.swift; sourceTree = "<group>"; };
		29200CD22835709A003853FA /* SceneDelegate.swift */ = {isa = PBXFileReference; lastKnownFileType = sourcecode.swift; path = SceneDelegate.swift; sourceTree = "<group>"; };
		29200CD42835709A003853FA /* ViewController.swift */ = {isa = PBXFileReference; lastKnownFileType = sourcecode.swift; path = ViewController.swift; sourceTree = "<group>"; };
		29200CD72835709A003853FA /* Base */ = {isa = PBXFileReference; lastKnownFileType = file.storyboard; name = Base; path = Base.lproj/Main.storyboard; sourceTree = "<group>"; };
		29200CD92835709E003853FA /* Assets.xcassets */ = {isa = PBXFileReference; lastKnownFileType = folder.assetcatalog; path = Assets.xcassets; sourceTree = "<group>"; };
		29200CDC2835709E003853FA /* Base */ = {isa = PBXFileReference; lastKnownFileType = file.storyboard; name = Base; path = Base.lproj/LaunchScreen.storyboard; sourceTree = "<group>"; };
		29200CDE2835709E003853FA /* Info.plist */ = {isa = PBXFileReference; lastKnownFileType = text.plist.xml; path = Info.plist; sourceTree = "<group>"; };
		29200CE32835709F003853FA /* checkers gameTests.xctest */ = {isa = PBXFileReference; explicitFileType = wrapper.cfbundle; includeInIndex = 0; path = "checkers gameTests.xctest"; sourceTree = BUILT_PRODUCTS_DIR; };
		29200CE72835709F003853FA /* checkers_gameTests.swift */ = {isa = PBXFileReference; lastKnownFileType = sourcecode.swift; path = checkers_gameTests.swift; sourceTree = "<group>"; };
		29200CED2835709F003853FA /* checkers gameUITests.xctest */ = {isa = PBXFileReference; explicitFileType = wrapper.cfbundle; includeInIndex = 0; path = "checkers gameUITests.xctest"; sourceTree = BUILT_PRODUCTS_DIR; };
		29200CF12835709F003853FA /* checkers_gameUITests.swift */ = {isa = PBXFileReference; lastKnownFileType = sourcecode.swift; path = checkers_gameUITests.swift; sourceTree = "<group>"; };
		29200CF32835709F003853FA /* checkers_gameUITestsLaunchTests.swift */ = {isa = PBXFileReference; lastKnownFileType = sourcecode.swift; path = checkers_gameUITestsLaunchTests.swift; sourceTree = "<group>"; };
		29A8904E283E77F80067CED9 /* BoardViewController.swift */ = {isa = PBXFileReference; lastKnownFileType = sourcecode.swift; path = BoardViewController.swift; sourceTree = "<group>"; };
/* End PBXFileReference section */

/* Begin PBXFrameworksBuildPhase section */
		29200CCA2835709A003853FA /* Frameworks */ = {
			isa = PBXFrameworksBuildPhase;
			buildActionMask = 2147483647;
			files = (
			);
			runOnlyForDeploymentPostprocessing = 0;
		};
		29200CE02835709F003853FA /* Frameworks */ = {
			isa = PBXFrameworksBuildPhase;
			buildActionMask = 2147483647;
			files = (
			);
			runOnlyForDeploymentPostprocessing = 0;
		};
		29200CEA2835709F003853FA /* Frameworks */ = {
			isa = PBXFrameworksBuildPhase;
			buildActionMask = 2147483647;
			files = (
			);
			runOnlyForDeploymentPostprocessing = 0;
		};
/* End PBXFrameworksBuildPhase section */

/* Begin PBXGroup section */
		29200CC428357099003853FA = {
			isa = PBXGroup;
			children = (
				29200CCF2835709A003853FA /* checkers game */,
				29200CE62835709F003853FA /* checkers gameTests */,
				29200CF02835709F003853FA /* checkers gameUITests */,
				29200CCE2835709A003853FA /* Products */,
			);
			sourceTree = "<group>";
		};
		29200CCE2835709A003853FA /* Products */ = {
			isa = PBXGroup;
			children = (
				29200CCD2835709A003853FA /* checkers game.app */,
				29200CE32835709F003853FA /* checkers gameTests.xctest */,
				29200CED2835709F003853FA /* checkers gameUITests.xctest */,
			);
			name = Products;
			sourceTree = "<group>";
		};
		29200CCF2835709A003853FA /* checkers game */ = {
			isa = PBXGroup;
			children = (
				29200CD02835709A003853FA /* AppDelegate.swift */,
				29200CD22835709A003853FA /* SceneDelegate.swift */,
				29200CD42835709A003853FA /* ViewController.swift */,
				29200CD62835709A003853FA /* Main.storyboard */,
				29A8904E283E77F80067CED9 /* BoardViewController.swift */,
				29200CD92835709E003853FA /* Assets.xcassets */,
				29200CDB2835709E003853FA /* LaunchScreen.storyboard */,
				29200CDE2835709E003853FA /* Info.plist */,
			);
			path = "checkers game";
			sourceTree = "<group>";
		};
		29200CE62835709F003853FA /* checkers gameTests */ = {
			isa = PBXGroup;
			children = (
				29200CE72835709F003853FA /* checkers_gameTests.swift */,
			);
			path = "checkers gameTests";
			sourceTree = "<group>";
		};
		29200CF02835709F003853FA /* checkers gameUITests */ = {
			isa = PBXGroup;
			children = (
				29200CF12835709F003853FA /* checkers_gameUITests.swift */,
				29200CF32835709F003853FA /* checkers_gameUITestsLaunchTests.swift */,
			);
			path = "checkers gameUITests";
			sourceTree = "<group>";
		};
/* End PBXGroup section */

/* Begin PBXNativeTarget section */
		29200CCC2835709A003853FA /* checkers game */ = {
			isa = PBXNativeTarget;
			buildConfigurationList = 29200CF72835709F003853FA /* Build configuration list for PBXNativeTarget "checkers game" */;
			buildPhases = (
				29200CC92835709A003853FA /* Sources */,
				29200CCA2835709A003853FA /* Frameworks */,
				29200CCB2835709A003853FA /* Resources */,
			);
			buildRules = (
			);
			dependencies = (
			);
			name = "checkers game";
			productName = "checkers game";
			productReference = 29200CCD2835709A003853FA /* checkers game.app */;
			productType = "com.apple.product-type.application";
		};
		29200CE22835709F003853FA /* checkers gameTests */ = {
			isa = PBXNativeTarget;
			buildConfigurationList = 29200CFA2835709F003853FA /* Build configuration list for PBXNativeTarget "checkers gameTests" */;
			buildPhases = (
				29200CDF2835709F003853FA /* Sources */,
				29200CE02835709F003853FA /* Frameworks */,
				29200CE12835709F003853FA /* Resources */,
			);
			buildRules = (
			);
			dependencies = (
				29200CE52835709F003853FA /* PBXTargetDependency */,
			);
			name = "checkers gameTests";
			productName = "checkers gameTests";
			productReference = 29200CE32835709F003853FA /* checkers gameTests.xctest */;
			productType = "com.apple.product-type.bundle.unit-test";
		};
		29200CEC2835709F003853FA /* checkers gameUITests */ = {
			isa = PBXNativeTarget;
			buildConfigurationList = 29200CFD2835709F003853FA /* Build configuration list for PBXNativeTarget "checkers gameUITests" */;
			buildPhases = (
				29200CE92835709F003853FA /* Sources */,
				29200CEA2835709F003853FA /* Frameworks */,
				29200CEB2835709F003853FA /* Resources */,
			);
			buildRules = (
			);
			dependencies = (
				29200CEF2835709F003853FA /* PBXTargetDependency */,
			);
			name = "checkers gameUITests";
			productName = "checkers gameUITests";
			productReference = 29200CED2835709F003853FA /* checkers gameUITests.xctest */;
			productType = "com.apple.product-type.bundle.ui-testing";
		};
/* End PBXNativeTarget section */

/* Begin PBXProject section */
		29200CC528357099003853FA /* Project object */ = {
			isa = PBXProject;
			attributes = {
				BuildIndependentTargetsInParallel = 1;
				LastSwiftUpdateCheck = 1320;
				LastUpgradeCheck = 1320;
				TargetAttributes = {
					29200CCC2835709A003853FA = {
						CreatedOnToolsVersion = 13.2.1;
					};
					29200CE22835709F003853FA = {
						CreatedOnToolsVersion = 13.2.1;
						TestTargetID = 29200CCC2835709A003853FA;
					};
					29200CEC2835709F003853FA = {
						CreatedOnToolsVersion = 13.2.1;
						TestTargetID = 29200CCC2835709A003853FA;
					};
				};
			};
			buildConfigurationList = 29200CC828357099003853FA /* Build configuration list for PBXProject "checkers game" */;
			compatibilityVersion = "Xcode 13.0";
			developmentRegion = en;
			hasScannedForEncodings = 0;
			knownRegions = (
				en,
				Base,
			);
			mainGroup = 29200CC428357099003853FA;
			productRefGroup = 29200CCE2835709A003853FA /* Products */;
			projectDirPath = "";
			projectRoot = "";
			targets = (
				29200CCC2835709A003853FA /* checkers game */,
				29200CE22835709F003853FA /* checkers gameTests */,
				29200CEC2835709F003853FA /* checkers gameUITests */,
			);
		};
/* End PBXProject section */

/* Begin PBXResourcesBuildPhase section */
		29200CCB2835709A003853FA /* Resources */ = {
			isa = PBXResourcesBuildPhase;
			buildActionMask = 2147483647;
			files = (
				29200CDD2835709E003853FA /* LaunchScreen.storyboard in Resources */,
				29200CDA2835709E003853FA /* Assets.xcassets in Resources */,
				29200CD82835709A003853FA /* Main.storyboard in Resources */,
			);
			runOnlyForDeploymentPostprocessing = 0;
		};
		29200CE12835709F003853FA /* Resources */ = {
			isa = PBXResourcesBuildPhase;
			buildActionMask = 2147483647;
			files = (
			);
			runOnlyForDeploymentPostprocessing = 0;
		};
		29200CEB2835709F003853FA /* Resources */ = {
			isa = PBXResourcesBuildPhase;
			buildActionMask = 2147483647;
			files = (
			);
			runOnlyForDeploymentPostprocessing = 0;
		};
/* End PBXResourcesBuildPhase section */

/* Begin PBXSourcesBuildPhase section */
		29200CC92835709A003853FA /* Sources */ = {
			isa = PBXSourcesBuildPhase;
			buildActionMask = 2147483647;
			files = (
				29200CD52835709A003853FA /* ViewController.swift in Sources */,
				29200CD12835709A003853FA /* AppDelegate.swift in Sources */,
				29200CD32835709A003853FA /* SceneDelegate.swift in Sources */,
				29A8904F283E77F90067CED9 /* BoardViewController.swift in Sources */,
			);
			runOnlyForDeploymentPostprocessing = 0;
		};
		29200CDF2835709F003853FA /* Sources */ = {
			isa = PBXSourcesBuildPhase;
			buildActionMask = 2147483647;
			files = (
				29200CE82835709F003853FA /* checkers_gameTests.swift in Sources */,
			);
			runOnlyForDeploymentPostprocessing = 0;
		};
		29200CE92835709F003853FA /* Sources */ = {
			isa = PBXSourcesBuildPhase;
			buildActionMask = 2147483647;
			files = (
				29200CF42835709F003853FA /* checkers_gameUITestsLaunchTests.swift in Sources */,
				29200CF22835709F003853FA /* checkers_gameUITests.swift in Sources */,
			);
			runOnlyForDeploymentPostprocessing = 0;
		};
/* End PBXSourcesBuildPhase section */

/* Begin PBXTargetDependency section */
		29200CE52835709F003853FA /* PBXTargetDependency */ = {
			isa = PBXTargetDependency;
			target = 29200CCC2835709A003853FA /* checkers game */;
			targetProxy = 29200CE42835709F003853FA /* PBXContainerItemProxy */;
		};
		29200CEF2835709F003853FA /* PBXTargetDependency */ = {
			isa = PBXTargetDependency;
			target = 29200CCC2835709A003853FA /* checkers game */;
			targetProxy = 29200CEE2835709F003853FA /* PBXContainerItemProxy */;
		};
/* End PBXTargetDependency section */

/* Begin PBXVariantGroup section */
		29200CD62835709A003853FA /* Main.storyboard */ = {
			isa = PBXVariantGroup;
			children = (
				29200CD72835709A003853FA /* Base */,
			);
			name = Main.storyboard;
			sourceTree = "<group>";
		};
		29200CDB2835709E003853FA /* LaunchScreen.storyboard */ = {
			isa = PBXVariantGroup;
			children = (
				29200CDC2835709E003853FA /* Base */,
			);
			name = LaunchScreen.storyboard;
			sourceTree = "<group>";
		};
/* End PBXVariantGroup section */

/* Begin XCBuildConfiguration section */
		29200CF52835709F003853FA /* Debug */ = {
			isa = XCBuildConfiguration;
			buildSettings = {
				ALWAYS_SEARCH_USER_PATHS = NO;
				CLANG_ANALYZER_NONNULL = YES;
				CLANG_ANALYZER_NUMBER_OBJECT_CONVERSION = YES_AGGRESSIVE;
				CLANG_CXX_LANGUAGE_STANDARD = "gnu++17";
				CLANG_CXX_LIBRARY = "libc++";
				CLANG_ENABLE_MODULES = YES;
				CLANG_ENABLE_OBJC_ARC = YES;
				CLANG_ENABLE_OBJC_WEAK = YES;
				CLANG_WARN_BLOCK_CAPTURE_AUTORELEASING = YES;
				CLANG_WARN_BOOL_CONVERSION = YES;
				CLANG_WARN_COMMA = YES;
				CLANG_WARN_CONSTANT_CONVERSION = YES;
				CLANG_WARN_DEPRECATED_OBJC_IMPLEMENTATIONS = YES;
				CLANG_WARN_DIRECT_OBJC_ISA_USAGE = YES_ERROR;
				CLANG_WARN_DOCUMENTATION_COMMENTS = YES;
				CLANG_WARN_EMPTY_BODY = YES;
				CLANG_WARN_ENUM_CONVERSION = YES;
				CLANG_WARN_INFINITE_RECURSION = YES;
				CLANG_WARN_INT_CONVERSION = YES;
				CLANG_WARN_NON_LITERAL_NULL_CONVERSION = YES;
				CLANG_WARN_OBJC_IMPLICIT_RETAIN_SELF = YES;
				CLANG_WARN_OBJC_LITERAL_CONVERSION = YES;
				CLANG_WARN_OBJC_ROOT_CLASS = YES_ERROR;
				CLANG_WARN_QUOTED_INCLUDE_IN_FRAMEWORK_HEADER = YES;
				CLANG_WARN_RANGE_LOOP_ANALYSIS = YES;
				CLANG_WARN_STRICT_PROTOTYPES = YES;
				CLANG_WARN_SUSPICIOUS_MOVE = YES;
				CLANG_WARN_UNGUARDED_AVAILABILITY = YES_AGGRESSIVE;
				CLANG_WARN_UNREACHABLE_CODE = YES;
				CLANG_WARN__DUPLICATE_METHOD_MATCH = YES;
				COPY_PHASE_STRIP = NO;
				DEBUG_INFORMATION_FORMAT = dwarf;
				ENABLE_STRICT_OBJC_MSGSEND = YES;
				ENABLE_TESTABILITY = YES;
				GCC_C_LANGUAGE_STANDARD = gnu11;
				GCC_DYNAMIC_NO_PIC = NO;
				GCC_NO_COMMON_BLOCKS = YES;
				GCC_OPTIMIZATION_LEVEL = 0;
				GCC_PREPROCESSOR_DEFINITIONS = (
					"DEBUG=1",
					"$(inherited)",
				);
				GCC_WARN_64_TO_32_BIT_CONVERSION = YES;
				GCC_WARN_ABOUT_RETURN_TYPE = YES_ERROR;
				GCC_WARN_UNDECLARED_SELECTOR = YES;
				GCC_WARN_UNINITIALIZED_AUTOS = YES_AGGRESSIVE;
				GCC_WARN_UNUSED_FUNCTION = YES;
				GCC_WARN_UNUSED_VARIABLE = YES;
				IPHONEOS_DEPLOYMENT_TARGET = 15.2;
				MTL_ENABLE_DEBUG_INFO = INCLUDE_SOURCE;
				MTL_FAST_MATH = YES;
				ONLY_ACTIVE_ARCH = YES;
				SDKROOT = iphoneos;
				SWIFT_ACTIVE_COMPILATION_CONDITIONS = DEBUG;
				SWIFT_OPTIMIZATION_LEVEL = "-Onone";
			};
			name = Debug;
		};
		29200CF62835709F003853FA /* Release */ = {
			isa = XCBuildConfiguration;
			buildSettings = {
				ALWAYS_SEARCH_USER_PATHS = NO;
				CLANG_ANALYZER_NONNULL = YES;
				CLANG_ANALYZER_NUMBER_OBJECT_CONVERSION = YES_AGGRESSIVE;
				CLANG_CXX_LANGUAGE_STANDARD = "gnu++17";
				CLANG_CXX_LIBRARY = "libc++";
				CLANG_ENABLE_MODULES = YES;
				CLANG_ENABLE_OBJC_ARC = YES;
				CLANG_ENABLE_OBJC_WEAK = YES;
				CLANG_WARN_BLOCK_CAPTURE_AUTORELEASING = YES;
				CLANG_WARN_BOOL_CONVERSION = YES;
				CLANG_WARN_COMMA = YES;
				CLANG_WARN_CONSTANT_CONVERSION = YES;
				CLANG_WARN_DEPRECATED_OBJC_IMPLEMENTATIONS = YES;
				CLANG_WARN_DIRECT_OBJC_ISA_USAGE = YES_ERROR;
				CLANG_WARN_DOCUMENTATION_COMMENTS = YES;
				CLANG_WARN_EMPTY_BODY = YES;
				CLANG_WARN_ENUM_CONVERSION = YES;
				CLANG_WARN_INFINITE_RECURSION = YES;
				CLANG_WARN_INT_CONVERSION = YES;
				CLANG_WARN_NON_LITERAL_NULL_CONVERSION = YES;
				CLANG_WARN_OBJC_IMPLICIT_RETAIN_SELF = YES;
				CLANG_WARN_OBJC_LITERAL_CONVERSION = YES;
				CLANG_WARN_OBJC_ROOT_CLASS = YES_ERROR;
				CLANG_WARN_QUOTED_INCLUDE_IN_FRAMEWORK_HEADER = YES;
				CLANG_WARN_RANGE_LOOP_ANALYSIS = YES;
				CLANG_WARN_STRICT_PROTOTYPES = YES;
				CLANG_WARN_SUSPICIOUS_MOVE = YES;
				CLANG_WARN_UNGUARDED_AVAILABILITY = YES_AGGRESSIVE;
				CLANG_WARN_UNREACHABLE_CODE = YES;
				CLANG_WARN__DUPLICATE_METHOD_MATCH = YES;
				COPY_PHASE_STRIP = NO;
				DEBUG_INFORMATION_FORMAT = "dwarf-with-dsym";
				ENABLE_NS_ASSERTIONS = NO;
				ENABLE_STRICT_OBJC_MSGSEND = YES;
				GCC_C_LANGUAGE_STANDARD = gnu11;
				GCC_NO_COMMON_BLOCKS = YES;
				GCC_WARN_64_TO_32_BIT_CONVERSION = YES;
				GCC_WARN_ABOUT_RETURN_TYPE = YES_ERROR;
				GCC_WARN_UNDECLARED_SELECTOR = YES;
				GCC_WARN_UNINITIALIZED_AUTOS = YES_AGGRESSIVE;
				GCC_WARN_UNUSED_FUNCTION = YES;
				GCC_WARN_UNUSED_VARIABLE = YES;
				IPHONEOS_DEPLOYMENT_TARGET = 15.2;
				MTL_ENABLE_DEBUG_INFO = NO;
				MTL_FAST_MATH = YES;
				SDKROOT = iphoneos;
				SWIFT_COMPILATION_MODE = wholemodule;
				SWIFT_OPTIMIZATION_LEVEL = "-O";
				VALIDATE_PRODUCT = YES;
			};
			name = Release;
		};
		29200CF82835709F003853FA /* Debug */ = {
			isa = XCBuildConfiguration;
			buildSettings = {
				ASSETCATALOG_COMPILER_APPICON_NAME = AppIcon;
				ASSETCATALOG_COMPILER_GLOBAL_ACCENT_COLOR_NAME = AccentColor;
				CODE_SIGN_STYLE = Automatic;
				CURRENT_PROJECT_VERSION = 1;
				GENERATE_INFOPLIST_FILE = YES;
				INFOPLIST_FILE = "checkers game/Info.plist";
				INFOPLIST_KEY_UIApplicationSupportsIndirectInputEvents = YES;
				INFOPLIST_KEY_UILaunchStoryboardName = LaunchScreen;
				INFOPLIST_KEY_UIMainStoryboardFile = Main;
				INFOPLIST_KEY_UISupportedInterfaceOrientations_iPad = "UIInterfaceOrientationPortrait UIInterfaceOrientationPortraitUpsideDown UIInterfaceOrientationLandscapeLeft UIInterfaceOrientationLandscapeRight";
				INFOPLIST_KEY_UISupportedInterfaceOrientations_iPhone = "UIInterfaceOrientationPortrait UIInterfaceOrientationLandscapeLeft UIInterfaceOrientationLandscapeRight";
				LD_RUNPATH_SEARCH_PATHS = (
					"$(inherited)",
					"@executable_path/Frameworks",
				);
				MARKETING_VERSION = 1.0;
				PRODUCT_BUNDLE_IDENTIFIER = "org.ssfs.checkers-game";
				PRODUCT_NAME = "$(TARGET_NAME)";
				SWIFT_EMIT_LOC_STRINGS = YES;
				SWIFT_VERSION = 5.0;
				TARGETED_DEVICE_FAMILY = "1,2";
			};
			name = Debug;
		};
		29200CF92835709F003853FA /* Release */ = {
			isa = XCBuildConfiguration;
			buildSettings = {
				ASSETCATALOG_COMPILER_APPICON_NAME = AppIcon;
				ASSETCATALOG_COMPILER_GLOBAL_ACCENT_COLOR_NAME = AccentColor;
				CODE_SIGN_STYLE = Automatic;
				CURRENT_PROJECT_VERSION = 1;
				GENERATE_INFOPLIST_FILE = YES;
				INFOPLIST_FILE = "checkers game/Info.plist";
				INFOPLIST_KEY_UIApplicationSupportsIndirectInputEvents = YES;
				INFOPLIST_KEY_UILaunchStoryboardName = LaunchScreen;
				INFOPLIST_KEY_UIMainStoryboardFile = Main;
				INFOPLIST_KEY_UISupportedInterfaceOrientations_iPad = "UIInterfaceOrientationPortrait UIInterfaceOrientationPortraitUpsideDown UIInterfaceOrientationLandscapeLeft UIInterfaceOrientationLandscapeRight";
				INFOPLIST_KEY_UISupportedInterfaceOrientations_iPhone = "UIInterfaceOrientationPortrait UIInterfaceOrientationLandscapeLeft UIInterfaceOrientationLandscapeRight";
				LD_RUNPATH_SEARCH_PATHS = (
					"$(inherited)",
					"@executable_path/Frameworks",
				);
				MARKETING_VERSION = 1.0;
				PRODUCT_BUNDLE_IDENTIFIER = "org.ssfs.checkers-game";
				PRODUCT_NAME = "$(TARGET_NAME)";
				SWIFT_EMIT_LOC_STRINGS = YES;
				SWIFT_VERSION = 5.0;
				TARGETED_DEVICE_FAMILY = "1,2";
			};
			name = Release;
		};
		29200CFB2835709F003853FA /* Debug */ = {
			isa = XCBuildConfiguration;
			buildSettings = {
				ALWAYS_EMBED_SWIFT_STANDARD_LIBRARIES = YES;
				BUNDLE_LOADER = "$(TEST_HOST)";
				CODE_SIGN_STYLE = Automatic;
				CURRENT_PROJECT_VERSION = 1;
				GENERATE_INFOPLIST_FILE = YES;
				IPHONEOS_DEPLOYMENT_TARGET = 15.2;
				MARKETING_VERSION = 1.0;
				PRODUCT_BUNDLE_IDENTIFIER = "org.ssfs.checkers-gameTests";
				PRODUCT_NAME = "$(TARGET_NAME)";
				SWIFT_EMIT_LOC_STRINGS = NO;
				SWIFT_VERSION = 5.0;
				TARGETED_DEVICE_FAMILY = "1,2";
				TEST_HOST = "$(BUILT_PRODUCTS_DIR)/checkers game.app/checkers game";
			};
			name = Debug;
		};
		29200CFC2835709F003853FA /* Release */ = {
			isa = XCBuildConfiguration;
			buildSettings = {
				ALWAYS_EMBED_SWIFT_STANDARD_LIBRARIES = YES;
				BUNDLE_LOADER = "$(TEST_HOST)";
				CODE_SIGN_STYLE = Automatic;
				CURRENT_PROJECT_VERSION = 1;
				GENERATE_INFOPLIST_FILE = YES;
				IPHONEOS_DEPLOYMENT_TARGET = 15.2;
				MARKETING_VERSION = 1.0;
				PRODUCT_BUNDLE_IDENTIFIER = "org.ssfs.checkers-gameTests";
				PRODUCT_NAME = "$(TARGET_NAME)";
				SWIFT_EMIT_LOC_STRINGS = NO;
				SWIFT_VERSION = 5.0;
				TARGETED_DEVICE_FAMILY = "1,2";
				TEST_HOST = "$(BUILT_PRODUCTS_DIR)/checkers game.app/checkers game";
			};
			name = Release;
		};
		29200CFE2835709F003853FA /* Debug */ = {
			isa = XCBuildConfiguration;
			buildSettings = {
				ALWAYS_EMBED_SWIFT_STANDARD_LIBRARIES = YES;
				CODE_SIGN_STYLE = Automatic;
				CURRENT_PROJECT_VERSION = 1;
				GENERATE_INFOPLIST_FILE = YES;
				MARKETING_VERSION = 1.0;
				PRODUCT_BUNDLE_IDENTIFIER = "org.ssfs.checkers-gameUITests";
				PRODUCT_NAME = "$(TARGET_NAME)";
				SWIFT_EMIT_LOC_STRINGS = NO;
				SWIFT_VERSION = 5.0;
				TARGETED_DEVICE_FAMILY = "1,2";
				TEST_TARGET_NAME = "checkers game";
			};
			name = Debug;
		};
		29200CFF2835709F003853FA /* Release */ = {
			isa = XCBuildConfiguration;
			buildSettings = {
				ALWAYS_EMBED_SWIFT_STANDARD_LIBRARIES = YES;
				CODE_SIGN_STYLE = Automatic;
				CURRENT_PROJECT_VERSION = 1;
				GENERATE_INFOPLIST_FILE = YES;
				MARKETING_VERSION = 1.0;
				PRODUCT_BUNDLE_IDENTIFIER = "org.ssfs.checkers-gameUITests";
				PRODUCT_NAME = "$(TARGET_NAME)";
				SWIFT_EMIT_LOC_STRINGS = NO;
				SWIFT_VERSION = 5.0;
				TARGETED_DEVICE_FAMILY = "1,2";
				TEST_TARGET_NAME = "checkers game";
			};
			name = Release;
		};
/* End XCBuildConfiguration section */

/* Begin XCConfigurationList section */
		29200CC828357099003853FA /* Build configuration list for PBXProject "checkers game" */ = {
			isa = XCConfigurationList;
			buildConfigurations = (
				29200CF52835709F003853FA /* Debug */,
				29200CF62835709F003853FA /* Release */,
			);
			defaultConfigurationIsVisible = 0;
			defaultConfigurationName = Release;
		};
		29200CF72835709F003853FA /* Build configuration list for PBXNativeTarget "checkers game" */ = {
			isa = XCConfigurationList;
			buildConfigurations = (
				29200CF82835709F003853FA /* Debug */,
				29200CF92835709F003853FA /* Release */,
			);
			defaultConfigurationIsVisible = 0;
			defaultConfigurationName = Release;
		};
		29200CFA2835709F003853FA /* Build configuration list for PBXNativeTarget "checkers gameTests" */ = {
			isa = XCConfigurationList;
			buildConfigurations = (
				29200CFB2835709F003853FA /* Debug */,
				29200CFC2835709F003853FA /* Release */,
			);
			defaultConfigurationIsVisible = 0;
			defaultConfigurationName = Release;
		};
		29200CFD2835709F003853FA /* Build configuration list for PBXNativeTarget "checkers gameUITests" */ = {
			isa = XCConfigurationList;
			buildConfigurations = (
				29200CFE2835709F003853FA /* Debug */,
				29200CFF2835709F003853FA /* Release */,
			);
			defaultConfigurationIsVisible = 0;
			defaultConfigurationName = Release;
		};
/* End XCConfigurationList section */
	};
	rootObject = 29200CC528357099003853FA /* Project object */;
}
